// !$*UTF8*$!
{
	archiveVersion = 1;
	classes = {
	};
	objectVersion = 55;
	objects = {

/* Begin PBXBuildFile section */
		7839156627DB507400BD73FD /* AppDelegate.swift in Sources */ = {isa = PBXBuildFile; fileRef = 7839156527DB507400BD73FD /* AppDelegate.swift */; };
		7839156827DB507400BD73FD /* ViewController.swift in Sources */ = {isa = PBXBuildFile; fileRef = 7839156727DB507400BD73FD /* ViewController.swift */; };
		7839156A27DB507700BD73FD /* Assets.xcassets in Resources */ = {isa = PBXBuildFile; fileRef = 7839156927DB507700BD73FD /* Assets.xcassets */; };
		7839156D27DB507700BD73FD /* Main.storyboard in Resources */ = {isa = PBXBuildFile; fileRef = 7839156B27DB507700BD73FD /* Main.storyboard */; };
		7839157827DB507700BD73FD /* EtherTests.swift in Sources */ = {isa = PBXBuildFile; fileRef = 7839157727DB507700BD73FD /* EtherTests.swift */; };
		7839159127DB50C300BD73FD /* Wei.swift in Sources */ = {isa = PBXBuildFile; fileRef = 7839159027DB50C300BD73FD /* Wei.swift */; };
		7839159327DB50CB00BD73FD /* Ether.swift in Sources */ = {isa = PBXBuildFile; fileRef = 7839159227DB50CB00BD73FD /* Ether.swift */; };
		7839159627DB515200BD73FD /* BigInt in Frameworks */ = {isa = PBXBuildFile; productRef = 7839159527DB515200BD73FD /* BigInt */; };
		7839159A27DB6C5700BD73FD /* WeiTests.swift in Sources */ = {isa = PBXBuildFile; fileRef = 7839159927DB6C5700BD73FD /* WeiTests.swift */; };
/* End PBXBuildFile section */

/* Begin PBXContainerItemProxy section */
		7839157427DB507700BD73FD /* PBXContainerItemProxy */ = {
			isa = PBXContainerItemProxy;
			containerPortal = 7839155A27DB507400BD73FD /* Project object */;
			proxyType = 1;
			remoteGlobalIDString = 7839156127DB507400BD73FD;
			remoteInfo = EtherWei;
		};
/* End PBXContainerItemProxy section */

/* Begin PBXFileReference section */
		7839156227DB507400BD73FD /* EtherWei.app */ = {isa = PBXFileReference; explicitFileType = wrapper.application; includeInIndex = 0; path = EtherWei.app; sourceTree = BUILT_PRODUCTS_DIR; };
		7839156527DB507400BD73FD /* AppDelegate.swift */ = {isa = PBXFileReference; lastKnownFileType = sourcecode.swift; path = AppDelegate.swift; sourceTree = "<group>"; };
		7839156727DB507400BD73FD /* ViewController.swift */ = {isa = PBXFileReference; lastKnownFileType = sourcecode.swift; path = ViewController.swift; sourceTree = "<group>"; };
		7839156927DB507700BD73FD /* Assets.xcassets */ = {isa = PBXFileReference; lastKnownFileType = folder.assetcatalog; path = Assets.xcassets; sourceTree = "<group>"; };
		7839156C27DB507700BD73FD /* Base */ = {isa = PBXFileReference; lastKnownFileType = file.storyboard; name = Base; path = Base.lproj/Main.storyboard; sourceTree = "<group>"; };
		7839156E27DB507700BD73FD /* EtherWei.entitlements */ = {isa = PBXFileReference; lastKnownFileType = text.plist.entitlements; path = EtherWei.entitlements; sourceTree = "<group>"; };
		7839157327DB507700BD73FD /* EtherWeiTests.xctest */ = {isa = PBXFileReference; explicitFileType = wrapper.cfbundle; includeInIndex = 0; path = EtherWeiTests.xctest; sourceTree = BUILT_PRODUCTS_DIR; };
		7839157727DB507700BD73FD /* EtherTests.swift */ = {isa = PBXFileReference; lastKnownFileType = sourcecode.swift; path = EtherTests.swift; sourceTree = "<group>"; };
		7839159027DB50C300BD73FD /* Wei.swift */ = {isa = PBXFileReference; lastKnownFileType = sourcecode.swift; path = Wei.swift; sourceTree = "<group>"; };
		7839159227DB50CB00BD73FD /* Ether.swift */ = {isa = PBXFileReference; lastKnownFileType = sourcecode.swift; path = Ether.swift; sourceTree = "<group>"; };
		7839159927DB6C5700BD73FD /* WeiTests.swift */ = {isa = PBXFileReference; lastKnownFileType = sourcecode.swift; path = WeiTests.swift; sourceTree = "<group>"; };
/* End PBXFileReference section */

/* Begin PBXFrameworksBuildPhase section */
		7839155F27DB507400BD73FD /* Frameworks */ = {
			isa = PBXFrameworksBuildPhase;
			buildActionMask = 2147483647;
			files = (
				7839159627DB515200BD73FD /* BigInt in Frameworks */,
			);
			runOnlyForDeploymentPostprocessing = 0;
		};
		7839157027DB507700BD73FD /* Frameworks */ = {
			isa = PBXFrameworksBuildPhase;
			buildActionMask = 2147483647;
			files = (
			);
			runOnlyForDeploymentPostprocessing = 0;
		};
/* End PBXFrameworksBuildPhase section */

/* Begin PBXGroup section */
		7839155927DB507400BD73FD = {
			isa = PBXGroup;
			children = (
				7839156427DB507400BD73FD /* EtherWei */,
				7839157627DB507700BD73FD /* EtherWeiTests */,
				7839156327DB507400BD73FD /* Products */,
			);
			sourceTree = "<group>";
		};
		7839156327DB507400BD73FD /* Products */ = {
			isa = PBXGroup;
			children = (
				7839156227DB507400BD73FD /* EtherWei.app */,
				7839157327DB507700BD73FD /* EtherWeiTests.xctest */,
			);
			name = Products;
			sourceTree = "<group>";
		};
		7839156427DB507400BD73FD /* EtherWei */ = {
			isa = PBXGroup;
			children = (
				7839156527DB507400BD73FD /* AppDelegate.swift */,
				7839156727DB507400BD73FD /* ViewController.swift */,
				7839156927DB507700BD73FD /* Assets.xcassets */,
				7839156B27DB507700BD73FD /* Main.storyboard */,
				7839156E27DB507700BD73FD /* EtherWei.entitlements */,
				7839159027DB50C300BD73FD /* Wei.swift */,
				7839159227DB50CB00BD73FD /* Ether.swift */,
			);
			path = EtherWei;
			sourceTree = "<group>";
		};
		7839157627DB507700BD73FD /* EtherWeiTests */ = {
			isa = PBXGroup;
			children = (
				7839157727DB507700BD73FD /* EtherTests.swift */,
				7839159927DB6C5700BD73FD /* WeiTests.swift */,
			);
			path = EtherWeiTests;
			sourceTree = "<group>";
		};
/* End PBXGroup section */

/* Begin PBXNativeTarget section */
		7839156127DB507400BD73FD /* EtherWei */ = {
			isa = PBXNativeTarget;
			buildConfigurationList = 7839158727DB507700BD73FD /* Build configuration list for PBXNativeTarget "EtherWei" */;
			buildPhases = (
				7839155E27DB507400BD73FD /* Sources */,
				7839155F27DB507400BD73FD /* Frameworks */,
				7839156027DB507400BD73FD /* Resources */,
			);
			buildRules = (
			);
			dependencies = (
			);
			name = EtherWei;
			packageProductDependencies = (
				7839159527DB515200BD73FD /* BigInt */,
			);
			productName = EtherWei;
			productReference = 7839156227DB507400BD73FD /* EtherWei.app */;
			productType = "com.apple.product-type.application";
		};
		7839157227DB507700BD73FD /* EtherWeiTests */ = {
			isa = PBXNativeTarget;
			buildConfigurationList = 7839158A27DB507700BD73FD /* Build configuration list for PBXNativeTarget "EtherWeiTests" */;
			buildPhases = (
				7839156F27DB507700BD73FD /* Sources */,
				7839157027DB507700BD73FD /* Frameworks */,
				7839157127DB507700BD73FD /* Resources */,
			);
			buildRules = (
			);
			dependencies = (
				7839157527DB507700BD73FD /* PBXTargetDependency */,
			);
			name = EtherWeiTests;
			productName = EtherWeiTests;
			productReference = 7839157327DB507700BD73FD /* EtherWeiTests.xctest */;
			productType = "com.apple.product-type.bundle.unit-test";
		};
/* End PBXNativeTarget section */

/* Begin PBXProject section */
		7839155A27DB507400BD73FD /* Project object */ = {
			isa = PBXProject;
			attributes = {
				BuildIndependentTargetsInParallel = 1;
				LastSwiftUpdateCheck = 1320;
				LastUpgradeCheck = 1320;
				TargetAttributes = {
					7839156127DB507400BD73FD = {
						CreatedOnToolsVersion = 13.2.1;
					};
					7839157227DB507700BD73FD = {
						CreatedOnToolsVersion = 13.2.1;
						TestTargetID = 7839156127DB507400BD73FD;
					};
				};
			};
			buildConfigurationList = 7839155D27DB507400BD73FD /* Build configuration list for PBXProject "EtherWei" */;
			compatibilityVersion = "Xcode 13.0";
			developmentRegion = en;
			hasScannedForEncodings = 0;
			knownRegions = (
				en,
				Base,
			);
			mainGroup = 7839155927DB507400BD73FD;
			packageReferences = (
				7839159427DB515200BD73FD /* XCRemoteSwiftPackageReference "BigInt" */,
			);
			productRefGroup = 7839156327DB507400BD73FD /* Products */;
			projectDirPath = "";
			projectRoot = "";
			targets = (
				7839156127DB507400BD73FD /* EtherWei */,
				7839157227DB507700BD73FD /* EtherWeiTests */,
			);
		};
/* End PBXProject section */

/* Begin PBXResourcesBuildPhase section */
		7839156027DB507400BD73FD /* Resources */ = {
			isa = PBXResourcesBuildPhase;
			buildActionMask = 2147483647;
			files = (
				7839156A27DB507700BD73FD /* Assets.xcassets in Resources */,
				7839156D27DB507700BD73FD /* Main.storyboard in Resources */,
			);
			runOnlyForDeploymentPostprocessing = 0;
		};
		7839157127DB507700BD73FD /* Resources */ = {
			isa = PBXResourcesBuildPhase;
			buildActionMask = 2147483647;
			files = (
			);
			runOnlyForDeploymentPostprocessing = 0;
		};
/* End PBXResourcesBuildPhase section */

/* Begin PBXSourcesBuildPhase section */
		7839155E27DB507400BD73FD /* Sources */ = {
			isa = PBXSourcesBuildPhase;
			buildActionMask = 2147483647;
			files = (
				7839159127DB50C300BD73FD /* Wei.swift in Sources */,
				7839156827DB507400BD73FD /* ViewController.swift in Sources */,
				7839159327DB50CB00BD73FD /* Ether.swift in Sources */,
				7839156627DB507400BD73FD /* AppDelegate.swift in Sources */,
			);
			runOnlyForDeploymentPostprocessing = 0;
		};
		7839156F27DB507700BD73FD /* Sources */ = {
			isa = PBXSourcesBuildPhase;
			buildActionMask = 2147483647;
			files = (
				7839157827DB507700BD73FD /* EtherTests.swift in Sources */,
				7839159A27DB6C5700BD73FD /* WeiTests.swift in Sources */,
			);
			runOnlyForDeploymentPostprocessing = 0;
		};
/* End PBXSourcesBuildPhase section */

/* Begin PBXTargetDependency section */
		7839157527DB507700BD73FD /* PBXTargetDependency */ = {
			isa = PBXTargetDependency;
			target = 7839156127DB507400BD73FD /* EtherWei */;
			targetProxy = 7839157427DB507700BD73FD /* PBXContainerItemProxy */;
		};
/* End PBXTargetDependency section */

/* Begin PBXVariantGroup section */
		7839156B27DB507700BD73FD /* Main.storyboard */ = {
			isa = PBXVariantGroup;
			children = (
				7839156C27DB507700BD73FD /* Base */,
			);
			name = Main.storyboard;
			sourceTree = "<group>";
		};
/* End PBXVariantGroup section */

/* Begin XCBuildConfiguration section */
		7839158527DB507700BD73FD /* Debug */ = {
			isa = XCBuildConfiguration;
			buildSettings = {
				ALWAYS_SEARCH_USER_PATHS = NO;
				CLANG_ANALYZER_NONNULL = YES;
				CLANG_ANALYZER_NUMBER_OBJECT_CONVERSION = YES_AGGRESSIVE;
				CLANG_CXX_LANGUAGE_STANDARD = "gnu++17";
				CLANG_CXX_LIBRARY = "libc++";
				CLANG_ENABLE_MODULES = YES;
				CLANG_ENABLE_OBJC_ARC = YES;
				CLANG_ENABLE_OBJC_WEAK = YES;
				CLANG_WARN_BLOCK_CAPTURE_AUTORELEASING = YES;
				CLANG_WARN_BOOL_CONVERSION = YES;
				CLANG_WARN_COMMA = YES;
				CLANG_WARN_CONSTANT_CONVERSION = YES;
				CLANG_WARN_DEPRECATED_OBJC_IMPLEMENTATIONS = YES;
				CLANG_WARN_DIRECT_OBJC_ISA_USAGE = YES_ERROR;
				CLANG_WARN_DOCUMENTATION_COMMENTS = YES;
				CLANG_WARN_EMPTY_BODY = YES;
				CLANG_WARN_ENUM_CONVERSION = YES;
				CLANG_WARN_INFINITE_RECURSION = YES;
				CLANG_WARN_INT_CONVERSION = YES;
				CLANG_WARN_NON_LITERAL_NULL_CONVERSION = YES;
				CLANG_WARN_OBJC_IMPLICIT_RETAIN_SELF = YES;
				CLANG_WARN_OBJC_LITERAL_CONVERSION = YES;
				CLANG_WARN_OBJC_ROOT_CLASS = YES_ERROR;
				CLANG_WARN_QUOTED_INCLUDE_IN_FRAMEWORK_HEADER = YES;
				CLANG_WARN_RANGE_LOOP_ANALYSIS = YES;
				CLANG_WARN_STRICT_PROTOTYPES = YES;
				CLANG_WARN_SUSPICIOUS_MOVE = YES;
				CLANG_WARN_UNGUARDED_AVAILABILITY = YES_AGGRESSIVE;
				CLANG_WARN_UNREACHABLE_CODE = YES;
				CLANG_WARN__DUPLICATE_METHOD_MATCH = YES;
				COPY_PHASE_STRIP = NO;
				DEBUG_INFORMATION_FORMAT = dwarf;
				ENABLE_STRICT_OBJC_MSGSEND = YES;
				ENABLE_TESTABILITY = YES;
				GCC_C_LANGUAGE_STANDARD = gnu11;
				GCC_DYNAMIC_NO_PIC = NO;
				GCC_NO_COMMON_BLOCKS = YES;
				GCC_OPTIMIZATION_LEVEL = 0;
				GCC_PREPROCESSOR_DEFINITIONS = (
					"DEBUG=1",
					"$(inherited)",
				);
				GCC_WARN_64_TO_32_BIT_CONVERSION = YES;
				GCC_WARN_ABOUT_RETURN_TYPE = YES_ERROR;
				GCC_WARN_UNDECLARED_SELECTOR = YES;
				GCC_WARN_UNINITIALIZED_AUTOS = YES_AGGRESSIVE;
				GCC_WARN_UNUSED_FUNCTION = YES;
				GCC_WARN_UNUSED_VARIABLE = YES;
				MACOSX_DEPLOYMENT_TARGET = 12.1;
				MTL_ENABLE_DEBUG_INFO = INCLUDE_SOURCE;
				MTL_FAST_MATH = YES;
				ONLY_ACTIVE_ARCH = YES;
				SDKROOT = macosx;
				SWIFT_ACTIVE_COMPILATION_CONDITIONS = DEBUG;
				SWIFT_OPTIMIZATION_LEVEL = "-Onone";
			};
			name = Debug;
		};
		7839158627DB507700BD73FD /* Release */ = {
			isa = XCBuildConfiguration;
			buildSettings = {
				ALWAYS_SEARCH_USER_PATHS = NO;
				CLANG_ANALYZER_NONNULL = YES;
				CLANG_ANALYZER_NUMBER_OBJECT_CONVERSION = YES_AGGRESSIVE;
				CLANG_CXX_LANGUAGE_STANDARD = "gnu++17";
				CLANG_CXX_LIBRARY = "libc++";
				CLANG_ENABLE_MODULES = YES;
				CLANG_ENABLE_OBJC_ARC = YES;
				CLANG_ENABLE_OBJC_WEAK = YES;
				CLANG_WARN_BLOCK_CAPTURE_AUTORELEASING = YES;
				CLANG_WARN_BOOL_CONVERSION = YES;
				CLANG_WARN_COMMA = YES;
				CLANG_WARN_CONSTANT_CONVERSION = YES;
				CLANG_WARN_DEPRECATED_OBJC_IMPLEMENTATIONS = YES;
				CLANG_WARN_DIRECT_OBJC_ISA_USAGE = YES_ERROR;
				CLANG_WARN_DOCUMENTATION_COMMENTS = YES;
				CLANG_WARN_EMPTY_BODY = YES;
				CLANG_WARN_ENUM_CONVERSION = YES;
				CLANG_WARN_INFINITE_RECURSION = YES;
				CLANG_WARN_INT_CONVERSION = YES;
				CLANG_WARN_NON_LITERAL_NULL_CONVERSION = YES;
				CLANG_WARN_OBJC_IMPLICIT_RETAIN_SELF = YES;
				CLANG_WARN_OBJC_LITERAL_CONVERSION = YES;
				CLANG_WARN_OBJC_ROOT_CLASS = YES_ERROR;
				CLANG_WARN_QUOTED_INCLUDE_IN_FRAMEWORK_HEADER = YES;
				CLANG_WARN_RANGE_LOOP_ANALYSIS = YES;
				CLANG_WARN_STRICT_PROTOTYPES = YES;
				CLANG_WARN_SUSPICIOUS_MOVE = YES;
				CLANG_WARN_UNGUARDED_AVAILABILITY = YES_AGGRESSIVE;
				CLANG_WARN_UNREACHABLE_CODE = YES;
				CLANG_WARN__DUPLICATE_METHOD_MATCH = YES;
				COPY_PHASE_STRIP = NO;
				DEBUG_INFORMATION_FORMAT = "dwarf-with-dsym";
				ENABLE_NS_ASSERTIONS = NO;
				ENABLE_STRICT_OBJC_MSGSEND = YES;
				GCC_C_LANGUAGE_STANDARD = gnu11;
				GCC_NO_COMMON_BLOCKS = YES;
				GCC_WARN_64_TO_32_BIT_CONVERSION = YES;
				GCC_WARN_ABOUT_RETURN_TYPE = YES_ERROR;
				GCC_WARN_UNDECLARED_SELECTOR = YES;
				GCC_WARN_UNINITIALIZED_AUTOS = YES_AGGRESSIVE;
				GCC_WARN_UNUSED_FUNCTION = YES;
				GCC_WARN_UNUSED_VARIABLE = YES;
				MACOSX_DEPLOYMENT_TARGET = 12.1;
				MTL_ENABLE_DEBUG_INFO = NO;
				MTL_FAST_MATH = YES;
				SDKROOT = macosx;
				SWIFT_COMPILATION_MODE = wholemodule;
				SWIFT_OPTIMIZATION_LEVEL = "-O";
			};
			name = Release;
		};
		7839158827DB507700BD73FD /* Debug */ = {
			isa = XCBuildConfiguration;
			buildSettings = {
				ASSETCATALOG_COMPILER_APPICON_NAME = AppIcon;
				ASSETCATALOG_COMPILER_GLOBAL_ACCENT_COLOR_NAME = AccentColor;
				CODE_SIGN_ENTITLEMENTS = EtherWei/EtherWei.entitlements;
				CODE_SIGN_STYLE = Automatic;
				COMBINE_HIDPI_IMAGES = YES;
				CURRENT_PROJECT_VERSION = 1;
				DEVELOPMENT_TEAM = P4ZJYAK634;
				ENABLE_HARDENED_RUNTIME = YES;
				GENERATE_INFOPLIST_FILE = YES;
				INFOPLIST_KEY_NSHumanReadableCopyright = "";
				INFOPLIST_KEY_NSMainStoryboardFile = Main;
				INFOPLIST_KEY_NSPrincipalClass = NSApplication;
				LD_RUNPATH_SEARCH_PATHS = (
					"$(inherited)",
					"@executable_path/../Frameworks",
				);
				MARKETING_VERSION = 1.0;
				PRODUCT_BUNDLE_IDENTIFIER = com.hanwe.EtherWei;
				PRODUCT_NAME = "$(TARGET_NAME)";
				SWIFT_EMIT_LOC_STRINGS = YES;
				SWIFT_VERSION = 5.0;
			};
			name = Debug;
		};
		7839158927DB507700BD73FD /* Release */ = {
			isa = XCBuildConfiguration;
			buildSettings = {
				ASSETCATALOG_COMPILER_APPICON_NAME = AppIcon;
				ASSETCATALOG_COMPILER_GLOBAL_ACCENT_COLOR_NAME = AccentColor;
				CODE_SIGN_ENTITLEMENTS = EtherWei/EtherWei.entitlements;
				CODE_SIGN_STYLE = Automatic;
				COMBINE_HIDPI_IMAGES = YES;
				CURRENT_PROJECT_VERSION = 1;
				DEVELOPMENT_TEAM = P4ZJYAK634;
				ENABLE_HARDENED_RUNTIME = YES;
				GENERATE_INFOPLIST_FILE = YES;
				INFOPLIST_KEY_NSHumanReadableCopyright = "";
				INFOPLIST_KEY_NSMainStoryboardFile = Main;
				INFOPLIST_KEY_NSPrincipalClass = NSApplication;
				LD_RUNPATH_SEARCH_PATHS = (
					"$(inherited)",
					"@executable_path/../Frameworks",
				);
				MARKETING_VERSION = 1.0;
				PRODUCT_BUNDLE_IDENTIFIER = com.hanwe.EtherWei;
				PRODUCT_NAME = "$(TARGET_NAME)";
				SWIFT_EMIT_LOC_STRINGS = YES;
				SWIFT_VERSION = 5.0;
			};
			name = Release;
		};
		7839158B27DB507700BD73FD /* Debug */ = {
			isa = XCBuildConfiguration;
			buildSettings = {
				ALWAYS_EMBED_SWIFT_STANDARD_LIBRARIES = YES;
				BUNDLE_LOADER = "$(TEST_HOST)";
				CODE_SIGN_STYLE = Automatic;
				CURRENT_PROJECT_VERSION = 1;
				DEVELOPMENT_TEAM = P4ZJYAK634;
				GENERATE_INFOPLIST_FILE = YES;
				MACOSX_DEPLOYMENT_TARGET = 12.1;
				MARKETING_VERSION = 1.0;
				PRODUCT_BUNDLE_IDENTIFIER = com.hanwe.EtherWeiTests;
				PRODUCT_NAME = "$(TARGET_NAME)";
				SWIFT_EMIT_LOC_STRINGS = NO;
				SWIFT_VERSION = 5.0;
				TEST_HOST = "$(BUILT_PRODUCTS_DIR)/EtherWei.app/Contents/MacOS/EtherWei";
			};
			name = Debug;
		};
		7839158C27DB507700BD73FD /* Release */ = {
			isa = XCBuildConfiguration;
			buildSettings = {
				ALWAYS_EMBED_SWIFT_STANDARD_LIBRARIES = YES;
				BUNDLE_LOADER = "$(TEST_HOST)";
				CODE_SIGN_STYLE = Automatic;
				CURRENT_PROJECT_VERSION = 1;
				DEVELOPMENT_TEAM = P4ZJYAK634;
				GENERATE_INFOPLIST_FILE = YES;
				MACOSX_DEPLOYMENT_TARGET = 12.1;
				MARKETING_VERSION = 1.0;
				PRODUCT_BUNDLE_IDENTIFIER = com.hanwe.EtherWeiTests;
				PRODUCT_NAME = "$(TARGET_NAME)";
				SWIFT_EMIT_LOC_STRINGS = NO;
				SWIFT_VERSION = 5.0;
				TEST_HOST = "$(BUILT_PRODUCTS_DIR)/EtherWei.app/Contents/MacOS/EtherWei";
			};
			name = Release;
		};
/* End XCBuildConfiguration section */

/* Begin XCConfigurationList section */
		7839155D27DB507400BD73FD /* Build configuration list for PBXProject "EtherWei" */ = {
			isa = XCConfigurationList;
			buildConfigurations = (
				7839158527DB507700BD73FD /* Debug */,
				7839158627DB507700BD73FD /* Release */,
			);
			defaultConfigurationIsVisible = 0;
			defaultConfigurationName = Release;
		};
		7839158727DB507700BD73FD /* Build configuration list for PBXNativeTarget "EtherWei" */ = {
			isa = XCConfigurationList;
			buildConfigurations = (
				7839158827DB507700BD73FD /* Debug */,
				7839158927DB507700BD73FD /* Release */,
			);
			defaultConfigurationIsVisible = 0;
			defaultConfigurationName = Release;
		};
		7839158A27DB507700BD73FD /* Build configuration list for PBXNativeTarget "EtherWeiTests" */ = {
			isa = XCConfigurationList;
			buildConfigurations = (
				7839158B27DB507700BD73FD /* Debug */,
				7839158C27DB507700BD73FD /* Release */,
			);
			defaultConfigurationIsVisible = 0;
			defaultConfigurationName = Release;
		};
/* End XCConfigurationList section */

/* Begin XCRemoteSwiftPackageReference section */
		7839159427DB515200BD73FD /* XCRemoteSwiftPackageReference "BigInt" */ = {
			isa = XCRemoteSwiftPackageReference;
			repositoryURL = "https://github.com/attaswift/BigInt.git";
			requirement = {
				kind = upToNextMajorVersion;
				minimumVersion = 5.0.0;
			};
		};
/* End XCRemoteSwiftPackageReference section */

/* Begin XCSwiftPackageProductDependency section */
		7839159527DB515200BD73FD /* BigInt */ = {
			isa = XCSwiftPackageProductDependency;
			package = 7839159427DB515200BD73FD /* XCRemoteSwiftPackageReference "BigInt" */;
			productName = BigInt;
		};
/* End XCSwiftPackageProductDependency section */
	};
	rootObject = 7839155A27DB507400BD73FD /* Project object */;
}
